
Microsoft Visual Studio Solution File, Format Version 12.00
# Visual Studio 2012
Project("{FAE04EC0-301F-11D3-BF4B-00C04F79EFBC}") = "Number", "Number\Number.csproj", "{0CA2C8B5-B2B4-4459-87DD-603C62A3F370}"
EndProject
Global
	GlobalSection(SolutionConfigurationPlatforms) = preSolution
		Debug|Any CPU = Debug|Any CPU
		Release|Any CPU = Release|Any CPU
	EndGlobalSection
	GlobalSection(ProjectConfigurationPlatforms) = postSolution
		{0CA2C8B5-B2B4-4459-87DD-603C62A3F370}.Debug|Any CPU.ActiveCfg = Debug|Any CPU
		{0CA2C8B5-B2B4-4459-87DD-603C62A3F370}.Debug|Any CPU.Build.0 = Debug|Any CPU
		{0CA2C8B5-B2B4-4459-87DD-603C62A3F370}.Release|Any CPU.ActiveCfg = Release|Any CPU
		{0CA2C8B5-B2B4-4459-87DD-603C62A3F370}.Release|Any CPU.Build.0 = Release|Any CPU
	EndGlobalSection
	GlobalSection(SolutionProperties) = preSolution
		HideSolutionNode = FALSE
	EndGlobalSection
EndGlobal
